<Solution>
  <Folder Name="/src/">
    <Project Path="src/Dbus.Contracts/Dbus.Contracts.csproj" />
    <Project Path="src/Dbus.ContractGenerator/Dbus.ContractGenerator.csproj" />
  </Folder>
  <Folder Name="/tests/">
    <Project Path="tests/Dbus.Contracts.Tests/Dbus.Contracts.Tests.csproj" />
    <Project Path="tests/Dbus.ContractGenerator.Tests/Dbus.ContractGenerator.Tests.csproj" />
  </Folder>
</Solution>
